
Microsoft Visual Studio Solution File, Format Version 12.00
# Visual Studio Version 17
VisualStudioVersion = 17.13.35828.75
MinimumVisualStudioVersion = 10.0.40219.1
Project("{FAE04EC0-301F-11D3-BF4B-00C04F79EFBC}") = "App.Core", "App.Core\App.Core.csproj", "{6A3D062C-79C1-40A1-827F-22C426C0FB3A}"
EndProject
Project("{FAE04EC0-301F-11D3-BF4B-00C04F79EFBC}") = "App.Entity", "App.Entity\App.Entity.csproj", "{5384EC1D-910A-4CB6-8549-06FDED565288}"
EndProject
Project("{FAE04EC0-301F-11D3-BF4B-00C04F79EFBC}") = "App.Entities.Configurations", "App.Entities.Configurations\App.Entities.Configurations.csproj", "{8B4F1445-BB33-46FC-B792-F603C6700315}"
EndProject
Project("{FAE04EC0-301F-11D3-BF4B-00C04F79EFBC}") = "App.DataAccess", "App.DataAccess\App.DataAccess.csproj", "{43A9A49D-CC8E-4BBC-B169-B0EE825B7BC0}"
EndProject
Project("{FAE04EC0-301F-11D3-BF4B-00C04F79EFBC}") = "App.DataAccess.Abstract", "App.DataAccess.Abstract\App.DataAccess.Abstract.csproj", "{203AC17E-76C8-42B2-8E40-4387C07FE21A}"
EndProject
Project("{FAE04EC0-301F-11D3-BF4B-00C04F79EFBC}") = "App.DataAccess.Concrete", "App.DataAccess.Concrete\App.DataAccess.Concrete.csproj", "{5DD216BF-BA99-4ED1-A8DB-2E2516E37BA2}"
EndProject
Project("{FAE04EC0-301F-11D3-BF4B-00C04F79EFBC}") = "App.Cache", "App.Cache\App.Cache.csproj", "{890690B9-3C70-4A27-922A-46647DF8C06C}"
EndProject
Global
	GlobalSection(SolutionConfigurationPlatforms) = preSolution
		Debug|Any CPU = Debug|Any CPU
		Release|Any CPU = Release|Any CPU
	EndGlobalSection
	GlobalSection(ProjectConfigurationPlatforms) = postSolution
		{6A3D062C-79C1-40A1-827F-22C426C0FB3A}.Debug|Any CPU.ActiveCfg = Debug|Any CPU
		{6A3D062C-79C1-40A1-827F-22C426C0FB3A}.Debug|Any CPU.Build.0 = Debug|Any CPU
		{6A3D062C-79C1-40A1-827F-22C426C0FB3A}.Release|Any CPU.ActiveCfg = Release|Any CPU
		{6A3D062C-79C1-40A1-827F-22C426C0FB3A}.Release|Any CPU.Build.0 = Release|Any CPU
		{5384EC1D-910A-4CB6-8549-06FDED565288}.Debug|Any CPU.ActiveCfg = Debug|Any CPU
		{5384EC1D-910A-4CB6-8549-06FDED565288}.Debug|Any CPU.Build.0 = Debug|Any CPU
		{5384EC1D-910A-4CB6-8549-06FDED565288}.Release|Any CPU.ActiveCfg = Release|Any CPU
		{5384EC1D-910A-4CB6-8549-06FDED565288}.Release|Any CPU.Build.0 = Release|Any CPU
		{8B4F1445-BB33-46FC-B792-F603C6700315}.Debug|Any CPU.ActiveCfg = Debug|Any CPU
		{8B4F1445-BB33-46FC-B792-F603C6700315}.Debug|Any CPU.Build.0 = Debug|Any CPU
		{8B4F1445-BB33-46FC-B792-F603C6700315}.Release|Any CPU.ActiveCfg = Release|Any CPU
		{8B4F1445-BB33-46FC-B792-F603C6700315}.Release|Any CPU.Build.0 = Release|Any CPU
		{43A9A49D-CC8E-4BBC-B169-B0EE825B7BC0}.Debug|Any CPU.ActiveCfg = Debug|Any CPU
		{43A9A49D-CC8E-4BBC-B169-B0EE825B7BC0}.Debug|Any CPU.Build.0 = Debug|Any CPU
		{43A9A49D-CC8E-4BBC-B169-B0EE825B7BC0}.Release|Any CPU.ActiveCfg = Release|Any CPU
		{43A9A49D-CC8E-4BBC-B169-B0EE825B7BC0}.Release|Any CPU.Build.0 = Release|Any CPU
		{203AC17E-76C8-42B2-8E40-4387C07FE21A}.Debug|Any CPU.ActiveCfg = Debug|Any CPU
		{203AC17E-76C8-42B2-8E40-4387C07FE21A}.Debug|Any CPU.Build.0 = Debug|Any CPU
		{203AC17E-76C8-42B2-8E40-4387C07FE21A}.Release|Any CPU.ActiveCfg = Release|Any CPU
		{203AC17E-76C8-42B2-8E40-4387C07FE21A}.Release|Any CPU.Build.0 = Release|Any CPU
		{5DD216BF-BA99-4ED1-A8DB-2E2516E37BA2}.Debug|Any CPU.ActiveCfg = Debug|Any CPU
		{5DD216BF-BA99-4ED1-A8DB-2E2516E37BA2}.Debug|Any CPU.Build.0 = Debug|Any CPU
		{5DD216BF-BA99-4ED1-A8DB-2E2516E37BA2}.Release|Any CPU.ActiveCfg = Release|Any CPU
		{5DD216BF-BA99-4ED1-A8DB-2E2516E37BA2}.Release|Any CPU.Build.0 = Release|Any CPU
		{890690B9-3C70-4A27-922A-46647DF8C06C}.Debug|Any CPU.ActiveCfg = Debug|Any CPU
		{890690B9-3C70-4A27-922A-46647DF8C06C}.Debug|Any CPU.Build.0 = Debug|Any CPU
		{890690B9-3C70-4A27-922A-46647DF8C06C}.Release|Any CPU.ActiveCfg = Release|Any CPU
		{890690B9-3C70-4A27-922A-46647DF8C06C}.Release|Any CPU.Build.0 = Release|Any CPU
	EndGlobalSection
	GlobalSection(SolutionProperties) = preSolution
		HideSolutionNode = FALSE
	EndGlobalSection
	GlobalSection(ExtensibilityGlobals) = postSolution
		SolutionGuid = {9F80CB43-00A1-4C2C-ADF0-08B0F4770366}
	EndGlobalSection
EndGlobal
